
Microsoft Visual Studio Solution File, Format Version 12.00
# Visual Studio 2013
VisualStudioVersion = 12.0.21005.1
MinimumVisualStudioVersion = 10.0.40219.1
Project("{8BC9CEB8-8B4A-11D0-8D11-00A0C91BC942}") = "main", "main\main.vcxproj", "{CD4A2B8B-1CB9-48B5-8549-B0BF5A8E7965}"
EndProject
Project("{8BC9CEB8-8B4A-11D0-8D11-00A0C91BC942}") = "math", "math\math.vcxproj", "{F89E2ADF-DE59-4100-8DA8-B3D938878F50}"
EndProject
Project("{8BC9CEB8-8B4A-11D0-8D11-00A0C91BC942}") = "sorting", "sorting\sorting.vcxproj", "{9D49FB5D-3D82-4D8E-A17F-2CF77D0395A0}"
EndProject
Project("{8BC9CEB8-8B4A-11D0-8D11-00A0C91BC942}") = "combinations", "combinations\combinations.vcxproj", "{FD0E5D19-44BD-4E6E-93B2-53BA0866B711}"
EndProject
Project("{8BC9CEB8-8B4A-11D0-8D11-00A0C91BC942}") = "recursive", "recursive\recursive.vcxproj", "{0CF6AF60-7B23-4AB4-8FAA-B08CE74B4E88}"
EndProject
Project("{8BC9CEB8-8B4A-11D0-8D11-00A0C91BC942}") = "simple", "simple\simple.vcxproj", "{2C8F880F-E84C-48D4-B1B1-3D4CE9F9E7C2}"
EndProject
Global
	GlobalSection(SolutionConfigurationPlatforms) = preSolution
		Debug|Win32 = Debug|Win32
		Release|Win32 = Release|Win32
	EndGlobalSection
	GlobalSection(ProjectConfigurationPlatforms) = postSolution
		{CD4A2B8B-1CB9-48B5-8549-B0BF5A8E7965}.Debug|Win32.ActiveCfg = Debug|Win32
		{CD4A2B8B-1CB9-48B5-8549-B0BF5A8E7965}.Debug|Win32.Build.0 = Debug|Win32
		{CD4A2B8B-1CB9-48B5-8549-B0BF5A8E7965}.Release|Win32.ActiveCfg = Release|Win32
		{CD4A2B8B-1CB9-48B5-8549-B0BF5A8E7965}.Release|Win32.Build.0 = Release|Win32
		{F89E2ADF-DE59-4100-8DA8-B3D938878F50}.Debug|Win32.ActiveCfg = Debug|Win32
		{F89E2ADF-DE59-4100-8DA8-B3D938878F50}.Debug|Win32.Build.0 = Debug|Win32
		{F89E2ADF-DE59-4100-8DA8-B3D938878F50}.Release|Win32.ActiveCfg = Release|Win32
		{F89E2ADF-DE59-4100-8DA8-B3D938878F50}.Release|Win32.Build.0 = Release|Win32
		{9D49FB5D-3D82-4D8E-A17F-2CF77D0395A0}.Debug|Win32.ActiveCfg = Debug|Win32
		{9D49FB5D-3D82-4D8E-A17F-2CF77D0395A0}.Debug|Win32.Build.0 = Debug|Win32
		{9D49FB5D-3D82-4D8E-A17F-2CF77D0395A0}.Release|Win32.ActiveCfg = Release|Win32
		{9D49FB5D-3D82-4D8E-A17F-2CF77D0395A0}.Release|Win32.Build.0 = Release|Win32
		{FD0E5D19-44BD-4E6E-93B2-53BA0866B711}.Debug|Win32.ActiveCfg = Debug|Win32
		{FD0E5D19-44BD-4E6E-93B2-53BA0866B711}.Debug|Win32.Build.0 = Debug|Win32
		{FD0E5D19-44BD-4E6E-93B2-53BA0866B711}.Release|Win32.ActiveCfg = Release|Win32
		{FD0E5D19-44BD-4E6E-93B2-53BA0866B711}.Release|Win32.Build.0 = Release|Win32
		{0CF6AF60-7B23-4AB4-8FAA-B08CE74B4E88}.Debug|Win32.ActiveCfg = Debug|Win32
		{0CF6AF60-7B23-4AB4-8FAA-B08CE74B4E88}.Debug|Win32.Build.0 = Debug|Win32
		{0CF6AF60-7B23-4AB4-8FAA-B08CE74B4E88}.Release|Win32.ActiveCfg = Release|Win32
		{0CF6AF60-7B23-4AB4-8FAA-B08CE74B4E88}.Release|Win32.Build.0 = Release|Win32
		{2C8F880F-E84C-48D4-B1B1-3D4CE9F9E7C2}.Debug|Win32.ActiveCfg = Debug|Win32
		{2C8F880F-E84C-48D4-B1B1-3D4CE9F9E7C2}.Debug|Win32.Build.0 = Debug|Win32
		{2C8F880F-E84C-48D4-B1B1-3D4CE9F9E7C2}.Release|Win32.ActiveCfg = Release|Win32
		{2C8F880F-E84C-48D4-B1B1-3D4CE9F9E7C2}.Release|Win32.Build.0 = Release|Win32
	EndGlobalSection
	GlobalSection(SolutionProperties) = preSolution
		HideSolutionNode = FALSE
	EndGlobalSection
EndGlobal
